{
  "name": "test-install",
  "version": "1.0.0",
  "lockfileVersion": 3,
  "requires": true,
  "packages": {
    "": {
      "name": "test-install",
      "version": "1.0.0",
      "license": "ISC",
      "dependencies": {
        "@mond-design-system/theme": "file:../component-lib"
      }
    },
    "../component-lib": {
      "name": "@mond-design-system/theme",
      "version": "1.0.0",
      "license": "MIT",
      "devDependencies": {
        "@storybook/addon-essentials": "^8.6.7",
        "@storybook/addon-interactions": "^8.6.7",
        "@storybook/addon-links": "^8.6.7",
        "@storybook/addon-themes": "^8.6.12",
        "@storybook/blocks": "^8.6.7",
        "@storybook/react": "^8.6.7",
        "@storybook/react-vite": "^8.6.7",
        "@storybook/test": "^8.6.7",
        "@testing-library/jest-dom": "^5.0.0",
        "@testing-library/react": "^13.0.0",
        "@types/react": "^18.2.0",
        "@types/react-dom": "^18.2.0",
        "@vitejs/plugin-react": "^4.5.0",
        "concurrently": "^8.2.2",
        "jest": "^29.0.0",
        "jest-environment-jsdom": "^29.7.0",
        "nodemon": "^3.1.9",
        "react": "^18.2.0",
        "react-dom": "^18.2.0",
        "storybook": "^8.6.7",
        "terser": "^5.40.0",
        "ts-jest": "^29.0.0",
        "ts-node": "^10.9.2",
        "tsx": "^4.7.1",
        "typescript": "^5.3.3",
        "vite": "^5.0.8"
      },
      "peerDependencies": {
        "react": ">=16.8.0",
        "react-dom": ">=16.8.0"
      }
    },
    "node_modules/@mond-design-system/theme": {
      "resolved": "../component-lib",
      "link": true
    }
  }
}
